// !$*UTF8*$!
{
	archiveVersion = 1;
	classes = {
	};
	objectVersion = 50;
	objects = {

/* Begin PBXBuildFile section */
		11CCAE7F23D713210051C0A5 /* AppDelegate.swift in Sources */ = {isa = PBXBuildFile; fileRef = 11CCAE7E23D713210051C0A5 /* AppDelegate.swift */; };
		11CCAE8123D713210051C0A5 /* SceneDelegate.swift in Sources */ = {isa = PBXBuildFile; fileRef = 11CCAE8023D713210051C0A5 /* SceneDelegate.swift */; };
		11CCAE8323D713210051C0A5 /* ViewController.swift in Sources */ = {isa = PBXBuildFile; fileRef = 11CCAE8223D713210051C0A5 /* ViewController.swift */; };
		11CCAE8623D713210051C0A5 /* Main.storyboard in Resources */ = {isa = PBXBuildFile; fileRef = 11CCAE8423D713210051C0A5 /* Main.storyboard */; };
		11CCAE8923D713210051C0A5 /* WebKitSample.xcdatamodeld in Sources */ = {isa = PBXBuildFile; fileRef = 11CCAE8723D713210051C0A5 /* WebKitSample.xcdatamodeld */; };
		11CCAE8B23D713210051C0A5 /* Assets.xcassets in Resources */ = {isa = PBXBuildFile; fileRef = 11CCAE8A23D713210051C0A5 /* Assets.xcassets */; };
		11CCAE8E23D713220051C0A5 /* LaunchScreen.storyboard in Resources */ = {isa = PBXBuildFile; fileRef = 11CCAE8C23D713220051C0A5 /* LaunchScreen.storyboard */; };
		11CCAE9923D713220051C0A5 /* WebKitSampleTests.swift in Sources */ = {isa = PBXBuildFile; fileRef = 11CCAE9823D713220051C0A5 /* WebKitSampleTests.swift */; };
		11CCAEA423D713220051C0A5 /* WebKitSampleUITests.swift in Sources */ = {isa = PBXBuildFile; fileRef = 11CCAEA323D713220051C0A5 /* WebKitSampleUITests.swift */; };
		11CCAEB223D721820051C0A5 /* README.md in Resources */ = {isa = PBXBuildFile; fileRef = 11CCAEB123D721820051C0A5 /* README.md */; };
/* End PBXBuildFile section */

/* Begin PBXContainerItemProxy section */
		11CCAE9523D713220051C0A5 /* PBXContainerItemProxy */ = {
			isa = PBXContainerItemProxy;
			containerPortal = 11CCAE7323D713210051C0A5 /* Project object */;
			proxyType = 1;
			remoteGlobalIDString = 11CCAE7A23D713210051C0A5;
			remoteInfo = WebKitSample;
		};
		11CCAEA023D713220051C0A5 /* PBXContainerItemProxy */ = {
			isa = PBXContainerItemProxy;
			containerPortal = 11CCAE7323D713210051C0A5 /* Project object */;
			proxyType = 1;
			remoteGlobalIDString = 11CCAE7A23D713210051C0A5;
			remoteInfo = WebKitSample;
		};
/* End PBXContainerItemProxy section */

/* Begin PBXFileReference section */
		11CCAE7B23D713210051C0A5 /* WebKitSample.app */ = {isa = PBXFileReference; explicitFileType = wrapper.application; includeInIndex = 0; path = WebKitSample.app; sourceTree = BUILT_PRODUCTS_DIR; };
		11CCAE7E23D713210051C0A5 /* AppDelegate.swift */ = {isa = PBXFileReference; lastKnownFileType = sourcecode.swift; path = AppDelegate.swift; sourceTree = "<group>"; };
		11CCAE8023D713210051C0A5 /* SceneDelegate.swift */ = {isa = PBXFileReference; lastKnownFileType = sourcecode.swift; path = SceneDelegate.swift; sourceTree = "<group>"; };
		11CCAE8223D713210051C0A5 /* ViewController.swift */ = {isa = PBXFileReference; lastKnownFileType = sourcecode.swift; path = ViewController.swift; sourceTree = "<group>"; };
		11CCAE8523D713210051C0A5 /* Base */ = {isa = PBXFileReference; lastKnownFileType = file.storyboard; name = Base; path = Base.lproj/Main.storyboard; sourceTree = "<group>"; };
		11CCAE8823D713210051C0A5 /* WebKitSample.xcdatamodel */ = {isa = PBXFileReference; lastKnownFileType = wrapper.xcdatamodel; path = WebKitSample.xcdatamodel; sourceTree = "<group>"; };
		11CCAE8A23D713210051C0A5 /* Assets.xcassets */ = {isa = PBXFileReference; lastKnownFileType = folder.assetcatalog; path = Assets.xcassets; sourceTree = "<group>"; };
		11CCAE8D23D713220051C0A5 /* Base */ = {isa = PBXFileReference; lastKnownFileType = file.storyboard; name = Base; path = Base.lproj/LaunchScreen.storyboard; sourceTree = "<group>"; };
		11CCAE8F23D713220051C0A5 /* Info.plist */ = {isa = PBXFileReference; lastKnownFileType = text.plist.xml; path = Info.plist; sourceTree = "<group>"; };
		11CCAE9423D713220051C0A5 /* WebKitSampleTests.xctest */ = {isa = PBXFileReference; explicitFileType = wrapper.cfbundle; includeInIndex = 0; path = WebKitSampleTests.xctest; sourceTree = BUILT_PRODUCTS_DIR; };
		11CCAE9823D713220051C0A5 /* WebKitSampleTests.swift */ = {isa = PBXFileReference; lastKnownFileType = sourcecode.swift; path = WebKitSampleTests.swift; sourceTree = "<group>"; };
		11CCAE9A23D713220051C0A5 /* Info.plist */ = {isa = PBXFileReference; lastKnownFileType = text.plist.xml; path = Info.plist; sourceTree = "<group>"; };
		11CCAE9F23D713220051C0A5 /* WebKitSampleUITests.xctest */ = {isa = PBXFileReference; explicitFileType = wrapper.cfbundle; includeInIndex = 0; path = WebKitSampleUITests.xctest; sourceTree = BUILT_PRODUCTS_DIR; };
		11CCAEA323D713220051C0A5 /* WebKitSampleUITests.swift */ = {isa = PBXFileReference; lastKnownFileType = sourcecode.swift; path = WebKitSampleUITests.swift; sourceTree = "<group>"; };
		11CCAEA523D713220051C0A5 /* Info.plist */ = {isa = PBXFileReference; lastKnownFileType = text.plist.xml; path = Info.plist; sourceTree = "<group>"; };
		11CCAEB123D721820051C0A5 /* README.md */ = {isa = PBXFileReference; lastKnownFileType = net.daringfireball.markdown; path = README.md; sourceTree = "<group>"; };
/* End PBXFileReference section */

/* Begin PBXFrameworksBuildPhase section */
		11CCAE7823D713210051C0A5 /* Frameworks */ = {
			isa = PBXFrameworksBuildPhase;
			buildActionMask = 2147483647;
			files = (
			);
			runOnlyForDeploymentPostprocessing = 0;
		};
		11CCAE9123D713220051C0A5 /* Frameworks */ = {
			isa = PBXFrameworksBuildPhase;
			buildActionMask = 2147483647;
			files = (
			);
			runOnlyForDeploymentPostprocessing = 0;
		};
		11CCAE9C23D713220051C0A5 /* Frameworks */ = {
			isa = PBXFrameworksBuildPhase;
			buildActionMask = 2147483647;
			files = (
			);
			runOnlyForDeploymentPostprocessing = 0;
		};
/* End PBXFrameworksBuildPhase section */

/* Begin PBXGroup section */
		11CCAE7223D713210051C0A5 = {
			isa = PBXGroup;
			children = (
				11CCAEB123D721820051C0A5 /* README.md */,
				11CCAE7D23D713210051C0A5 /* WebKitSample */,
				11CCAE9723D713220051C0A5 /* WebKitSampleTests */,
				11CCAEA223D713220051C0A5 /* WebKitSampleUITests */,
				11CCAE7C23D713210051C0A5 /* Products */,
			);
			sourceTree = "<group>";
		};
		11CCAE7C23D713210051C0A5 /* Products */ = {
			isa = PBXGroup;
			children = (
				11CCAE7B23D713210051C0A5 /* WebKitSample.app */,
				11CCAE9423D713220051C0A5 /* WebKitSampleTests.xctest */,
				11CCAE9F23D713220051C0A5 /* WebKitSampleUITests.xctest */,
			);
			name = Products;
			sourceTree = "<group>";
		};
		11CCAE7D23D713210051C0A5 /* WebKitSample */ = {
			isa = PBXGroup;
			children = (
				11CCAE7E23D713210051C0A5 /* AppDelegate.swift */,
				11CCAE8023D713210051C0A5 /* SceneDelegate.swift */,
				11CCAE8223D713210051C0A5 /* ViewController.swift */,
				11CCAE8423D713210051C0A5 /* Main.storyboard */,
				11CCAE8A23D713210051C0A5 /* Assets.xcassets */,
				11CCAE8C23D713220051C0A5 /* LaunchScreen.storyboard */,
				11CCAE8F23D713220051C0A5 /* Info.plist */,
				11CCAE8723D713210051C0A5 /* WebKitSample.xcdatamodeld */,
			);
			path = WebKitSample;
			sourceTree = "<group>";
		};
		11CCAE9723D713220051C0A5 /* WebKitSampleTests */ = {
			isa = PBXGroup;
			children = (
				11CCAE9823D713220051C0A5 /* WebKitSampleTests.swift */,
				11CCAE9A23D713220051C0A5 /* Info.plist */,
			);
			path = WebKitSampleTests;
			sourceTree = "<group>";
		};
		11CCAEA223D713220051C0A5 /* WebKitSampleUITests */ = {
			isa = PBXGroup;
			children = (
				11CCAEA323D713220051C0A5 /* WebKitSampleUITests.swift */,
				11CCAEA523D713220051C0A5 /* Info.plist */,
			);
			path = WebKitSampleUITests;
			sourceTree = "<group>";
		};
/* End PBXGroup section */

/* Begin PBXNativeTarget section */
		11CCAE7A23D713210051C0A5 /* WebKitSample */ = {
			isa = PBXNativeTarget;
			buildConfigurationList = 11CCAEA823D713220051C0A5 /* Build configuration list for PBXNativeTarget "WebKitSample" */;
			buildPhases = (
				11CCAE7723D713210051C0A5 /* Sources */,
				11CCAE7823D713210051C0A5 /* Frameworks */,
				11CCAE7923D713210051C0A5 /* Resources */,
			);
			buildRules = (
			);
			dependencies = (
			);
			name = WebKitSample;
			productName = WebKitSample;
			productReference = 11CCAE7B23D713210051C0A5 /* WebKitSample.app */;
			productType = "com.apple.product-type.application";
		};
		11CCAE9323D713220051C0A5 /* WebKitSampleTests */ = {
			isa = PBXNativeTarget;
			buildConfigurationList = 11CCAEAB23D713220051C0A5 /* Build configuration list for PBXNativeTarget "WebKitSampleTests" */;
			buildPhases = (
				11CCAE9023D713220051C0A5 /* Sources */,
				11CCAE9123D713220051C0A5 /* Frameworks */,
				11CCAE9223D713220051C0A5 /* Resources */,
			);
			buildRules = (
			);
			dependencies = (
				11CCAE9623D713220051C0A5 /* PBXTargetDependency */,
			);
			name = WebKitSampleTests;
			productName = WebKitSampleTests;
			productReference = 11CCAE9423D713220051C0A5 /* WebKitSampleTests.xctest */;
			productType = "com.apple.product-type.bundle.unit-test";
		};
		11CCAE9E23D713220051C0A5 /* WebKitSampleUITests */ = {
			isa = PBXNativeTarget;
			buildConfigurationList = 11CCAEAE23D713220051C0A5 /* Build configuration list for PBXNativeTarget "WebKitSampleUITests" */;
			buildPhases = (
				11CCAE9B23D713220051C0A5 /* Sources */,
				11CCAE9C23D713220051C0A5 /* Frameworks */,
				11CCAE9D23D713220051C0A5 /* Resources */,
			);
			buildRules = (
			);
			dependencies = (
				11CCAEA123D713220051C0A5 /* PBXTargetDependency */,
			);
			name = WebKitSampleUITests;
			productName = WebKitSampleUITests;
			productReference = 11CCAE9F23D713220051C0A5 /* WebKitSampleUITests.xctest */;
			productType = "com.apple.product-type.bundle.ui-testing";
		};
/* End PBXNativeTarget section */

/* Begin PBXProject section */
		11CCAE7323D713210051C0A5 /* Project object */ = {
			isa = PBXProject;
			attributes = {
				LastSwiftUpdateCheck = 1130;
				LastUpgradeCheck = 1130;
				ORGANIZATIONNAME = t.hongo;
				TargetAttributes = {
					11CCAE7A23D713210051C0A5 = {
						CreatedOnToolsVersion = 11.3.1;
					};
					11CCAE9323D713220051C0A5 = {
						CreatedOnToolsVersion = 11.3.1;
						TestTargetID = 11CCAE7A23D713210051C0A5;
					};
					11CCAE9E23D713220051C0A5 = {
						CreatedOnToolsVersion = 11.3.1;
						TestTargetID = 11CCAE7A23D713210051C0A5;
					};
				};
			};
			buildConfigurationList = 11CCAE7623D713210051C0A5 /* Build configuration list for PBXProject "WebKitSample" */;
			compatibilityVersion = "Xcode 9.3";
			developmentRegion = en;
			hasScannedForEncodings = 0;
			knownRegions = (
				en,
				Base,
			);
			mainGroup = 11CCAE7223D713210051C0A5;
			productRefGroup = 11CCAE7C23D713210051C0A5 /* Products */;
			projectDirPath = "";
			projectRoot = "";
			targets = (
				11CCAE7A23D713210051C0A5 /* WebKitSample */,
				11CCAE9323D713220051C0A5 /* WebKitSampleTests */,
				11CCAE9E23D713220051C0A5 /* WebKitSampleUITests */,
			);
		};
/* End PBXProject section */

/* Begin PBXResourcesBuildPhase section */
		11CCAE7923D713210051C0A5 /* Resources */ = {
			isa = PBXResourcesBuildPhase;
			buildActionMask = 2147483647;
			files = (
				11CCAE8E23D713220051C0A5 /* LaunchScreen.storyboard in Resources */,
				11CCAE8B23D713210051C0A5 /* Assets.xcassets in Resources */,
				11CCAEB223D721820051C0A5 /* README.md in Resources */,
				11CCAE8623D713210051C0A5 /* Main.storyboard in Resources */,
			);
			runOnlyForDeploymentPostprocessing = 0;
		};
		11CCAE9223D713220051C0A5 /* Resources */ = {
			isa = PBXResourcesBuildPhase;
			buildActionMask = 2147483647;
			files = (
			);
			runOnlyForDeploymentPostprocessing = 0;
		};
		11CCAE9D23D713220051C0A5 /* Resources */ = {
			isa = PBXResourcesBuildPhase;
			buildActionMask = 2147483647;
			files = (
			);
			runOnlyForDeploymentPostprocessing = 0;
		};
/* End PBXResourcesBuildPhase section */

/* Begin PBXSourcesBuildPhase section */
		11CCAE7723D713210051C0A5 /* Sources */ = {
			isa = PBXSourcesBuildPhase;
			buildActionMask = 2147483647;
			files = (
				11CCAE8323D713210051C0A5 /* ViewController.swift in Sources */,
				11CCAE8923D713210051C0A5 /* WebKitSample.xcdatamodeld in Sources */,
				11CCAE7F23D713210051C0A5 /* AppDelegate.swift in Sources */,
				11CCAE8123D713210051C0A5 /* SceneDelegate.swift in Sources */,
			);
			runOnlyForDeploymentPostprocessing = 0;
		};
		11CCAE9023D713220051C0A5 /* Sources */ = {
			isa = PBXSourcesBuildPhase;
			buildActionMask = 2147483647;
			files = (
				11CCAE9923D713220051C0A5 /* WebKitSampleTests.swift in Sources */,
			);
			runOnlyForDeploymentPostprocessing = 0;
		};
		11CCAE9B23D713220051C0A5 /* Sources */ = {
			isa = PBXSourcesBuildPhase;
			buildActionMask = 2147483647;
			files = (
				11CCAEA423D713220051C0A5 /* WebKitSampleUITests.swift in Sources */,
			);
			runOnlyForDeploymentPostprocessing = 0;
		};
/* End PBXSourcesBuildPhase section */

/* Begin PBXTargetDependency section */
		11CCAE9623D713220051C0A5 /* PBXTargetDependency */ = {
			isa = PBXTargetDependency;
			target = 11CCAE7A23D713210051C0A5 /* WebKitSample */;
			targetProxy = 11CCAE9523D713220051C0A5 /* PBXContainerItemProxy */;
		};
		11CCAEA123D713220051C0A5 /* PBXTargetDependency */ = {
			isa = PBXTargetDependency;
			target = 11CCAE7A23D713210051C0A5 /* WebKitSample */;
			targetProxy = 11CCAEA023D713220051C0A5 /* PBXContainerItemProxy */;
		};
/* End PBXTargetDependency section */

/* Begin PBXVariantGroup section */
		11CCAE8423D713210051C0A5 /* Main.storyboard */ = {
			isa = PBXVariantGroup;
			children = (
				11CCAE8523D713210051C0A5 /* Base */,
			);
			name = Main.storyboard;
			sourceTree = "<group>";
		};
		11CCAE8C23D713220051C0A5 /* LaunchScreen.storyboard */ = {
			isa = PBXVariantGroup;
			children = (
				11CCAE8D23D713220051C0A5 /* Base */,
			);
			name = LaunchScreen.storyboard;
			sourceTree = "<group>";
		};
/* End PBXVariantGroup section */

/* Begin XCBuildConfiguration section */
		11CCAEA623D713220051C0A5 /* Debug */ = {
			isa = XCBuildConfiguration;
			buildSettings = {
				ALWAYS_SEARCH_USER_PATHS = NO;
				CLANG_ANALYZER_NONNULL = YES;
				CLANG_ANALYZER_NUMBER_OBJECT_CONVERSION = YES_AGGRESSIVE;
				CLANG_CXX_LANGUAGE_STANDARD = "gnu++14";
				CLANG_CXX_LIBRARY = "libc++";
				CLANG_ENABLE_MODULES = YES;
				CLANG_ENABLE_OBJC_ARC = YES;
				CLANG_ENABLE_OBJC_WEAK = YES;
				CLANG_WARN_BLOCK_CAPTURE_AUTORELEASING = YES;
				CLANG_WARN_BOOL_CONVERSION = YES;
				CLANG_WARN_COMMA = YES;
				CLANG_WARN_CONSTANT_CONVERSION = YES;
				CLANG_WARN_DEPRECATED_OBJC_IMPLEMENTATIONS = YES;
				CLANG_WARN_DIRECT_OBJC_ISA_USAGE = YES_ERROR;
				CLANG_WARN_DOCUMENTATION_COMMENTS = YES;
				CLANG_WARN_EMPTY_BODY = YES;
				CLANG_WARN_ENUM_CONVERSION = YES;
				CLANG_WARN_INFINITE_RECURSION = YES;
				CLANG_WARN_INT_CONVERSION = YES;
				CLANG_WARN_NON_LITERAL_NULL_CONVERSION = YES;
				CLANG_WARN_OBJC_IMPLICIT_RETAIN_SELF = YES;
				CLANG_WARN_OBJC_LITERAL_CONVERSION = YES;
				CLANG_WARN_OBJC_ROOT_CLASS = YES_ERROR;
				CLANG_WARN_RANGE_LOOP_ANALYSIS = YES;
				CLANG_WARN_STRICT_PROTOTYPES = YES;
				CLANG_WARN_SUSPICIOUS_MOVE = YES;
				CLANG_WARN_UNGUARDED_AVAILABILITY = YES_AGGRESSIVE;
				CLANG_WARN_UNREACHABLE_CODE = YES;
				CLANG_WARN__DUPLICATE_METHOD_MATCH = YES;
				COPY_PHASE_STRIP = NO;
				DEBUG_INFORMATION_FORMAT = dwarf;
				ENABLE_STRICT_OBJC_MSGSEND = YES;
				ENABLE_TESTABILITY = YES;
				GCC_C_LANGUAGE_STANDARD = gnu11;
				GCC_DYNAMIC_NO_PIC = NO;
				GCC_NO_COMMON_BLOCKS = YES;
				GCC_OPTIMIZATION_LEVEL = 0;
				GCC_PREPROCESSOR_DEFINITIONS = (
					"DEBUG=1",
					"$(inherited)",
				);
				GCC_WARN_64_TO_32_BIT_CONVERSION = YES;
				GCC_WARN_ABOUT_RETURN_TYPE = YES_ERROR;
				GCC_WARN_UNDECLARED_SELECTOR = YES;
				GCC_WARN_UNINITIALIZED_AUTOS = YES_AGGRESSIVE;
				GCC_WARN_UNUSED_FUNCTION = YES;
				GCC_WARN_UNUSED_VARIABLE = YES;
				IPHONEOS_DEPLOYMENT_TARGET = 8.0;
				MTL_ENABLE_DEBUG_INFO = INCLUDE_SOURCE;
				MTL_FAST_MATH = YES;
				ONLY_ACTIVE_ARCH = YES;
				SDKROOT = iphoneos;
				SWIFT_ACTIVE_COMPILATION_CONDITIONS = DEBUG;
				SWIFT_OPTIMIZATION_LEVEL = "-Onone";
			};
			name = Debug;
		};
		11CCAEA723D713220051C0A5 /* Release */ = {
			isa = XCBuildConfiguration;
			buildSettings = {
				ALWAYS_SEARCH_USER_PATHS = NO;
				CLANG_ANALYZER_NONNULL = YES;
				CLANG_ANALYZER_NUMBER_OBJECT_CONVERSION = YES_AGGRESSIVE;
				CLANG_CXX_LANGUAGE_STANDARD = "gnu++14";
				CLANG_CXX_LIBRARY = "libc++";
				CLANG_ENABLE_MODULES = YES;
				CLANG_ENABLE_OBJC_ARC = YES;
				CLANG_ENABLE_OBJC_WEAK = YES;
				CLANG_WARN_BLOCK_CAPTURE_AUTORELEASING = YES;
				CLANG_WARN_BOOL_CONVERSION = YES;
				CLANG_WARN_COMMA = YES;
				CLANG_WARN_CONSTANT_CONVERSION = YES;
				CLANG_WARN_DEPRECATED_OBJC_IMPLEMENTATIONS = YES;
				CLANG_WARN_DIRECT_OBJC_ISA_USAGE = YES_ERROR;
				CLANG_WARN_DOCUMENTATION_COMMENTS = YES;
				CLANG_WARN_EMPTY_BODY = YES;
				CLANG_WARN_ENUM_CONVERSION = YES;
				CLANG_WARN_INFINITE_RECURSION = YES;
				CLANG_WARN_INT_CONVERSION = YES;
				CLANG_WARN_NON_LITERAL_NULL_CONVERSION = YES;
				CLANG_WARN_OBJC_IMPLICIT_RETAIN_SELF = YES;
				CLANG_WARN_OBJC_LITERAL_CONVERSION = YES;
				CLANG_WARN_OBJC_ROOT_CLASS = YES_ERROR;
				CLANG_WARN_RANGE_LOOP_ANALYSIS = YES;
				CLANG_WARN_STRICT_PROTOTYPES = YES;
				CLANG_WARN_SUSPICIOUS_MOVE = YES;
				CLANG_WARN_UNGUARDED_AVAILABILITY = YES_AGGRESSIVE;
				CLANG_WARN_UNREACHABLE_CODE = YES;
				CLANG_WARN__DUPLICATE_METHOD_MATCH = YES;
				COPY_PHASE_STRIP = NO;
				DEBUG_INFORMATION_FORMAT = "dwarf-with-dsym";
				ENABLE_NS_ASSERTIONS = NO;
				ENABLE_STRICT_OBJC_MSGSEND = YES;
				GCC_C_LANGUAGE_STANDARD = gnu11;
				GCC_NO_COMMON_BLOCKS = YES;
				GCC_WARN_64_TO_32_BIT_CONVERSION = YES;
				GCC_WARN_ABOUT_RETURN_TYPE = YES_ERROR;
				GCC_WARN_UNDECLARED_SELECTOR = YES;
				GCC_WARN_UNINITIALIZED_AUTOS = YES_AGGRESSIVE;
				GCC_WARN_UNUSED_FUNCTION = YES;
				GCC_WARN_UNUSED_VARIABLE = YES;
				IPHONEOS_DEPLOYMENT_TARGET = 8.0;
				MTL_ENABLE_DEBUG_INFO = NO;
				MTL_FAST_MATH = YES;
				SDKROOT = iphoneos;
				SWIFT_COMPILATION_MODE = wholemodule;
				SWIFT_OPTIMIZATION_LEVEL = "-O";
				VALIDATE_PRODUCT = YES;
			};
			name = Release;
		};
		11CCAEA923D713220051C0A5 /* Debug */ = {
			isa = XCBuildConfiguration;
			buildSettings = {
				ASSETCATALOG_COMPILER_APPICON_NAME = AppIcon;
				CODE_SIGN_STYLE = Automatic;
				DEVELOPMENT_TEAM = 95D6WPPXZA;
				INFOPLIST_FILE = WebKitSample/Info.plist;
				LD_RUNPATH_SEARCH_PATHS = (
					"$(inherited)",
					"@executable_path/Frameworks",
				);
				MARKETING_VERSION = 1.0.0;
				PRODUCT_BUNDLE_IDENTIFIER = t.hongo.WebKitSample;
				PRODUCT_NAME = "$(TARGET_NAME)";
				SWIFT_VERSION = 5.0;
				TARGETED_DEVICE_FAMILY = "1,2";
			};
			name = Debug;
		};
		11CCAEAA23D713220051C0A5 /* Release */ = {
			isa = XCBuildConfiguration;
			buildSettings = {
				ASSETCATALOG_COMPILER_APPICON_NAME = AppIcon;
				CODE_SIGN_STYLE = Automatic;
				DEVELOPMENT_TEAM = 95D6WPPXZA;
				INFOPLIST_FILE = WebKitSample/Info.plist;
				LD_RUNPATH_SEARCH_PATHS = (
					"$(inherited)",
					"@executable_path/Frameworks",
				);
				MARKETING_VERSION = 1.0.0;
				PRODUCT_BUNDLE_IDENTIFIER = t.hongo.WebKitSample;
				PRODUCT_NAME = "$(TARGET_NAME)";
				SWIFT_VERSION = 5.0;
				TARGETED_DEVICE_FAMILY = "1,2";
			};
			name = Release;
		};
		11CCAEAC23D713220051C0A5 /* Debug */ = {
			isa = XCBuildConfiguration;
			buildSettings = {
				ALWAYS_EMBED_SWIFT_STANDARD_LIBRARIES = YES;
				BUNDLE_LOADER = "$(TEST_HOST)";
				CODE_SIGN_STYLE = Automatic;
				DEVELOPMENT_TEAM = 95D6WPPXZA;
				INFOPLIST_FILE = WebKitSampleTests/Info.plist;
				IPHONEOS_DEPLOYMENT_TARGET = 13.2;
				LD_RUNPATH_SEARCH_PATHS = (
					"$(inherited)",
					"@executable_path/Frameworks",
					"@loader_path/Frameworks",
				);
				PRODUCT_BUNDLE_IDENTIFIER = t.hongo.WebKitSampleTests;
				PRODUCT_NAME = "$(TARGET_NAME)";
				SWIFT_VERSION = 5.0;
				TARGETED_DEVICE_FAMILY = "1,2";
				TEST_HOST = "$(BUILT_PRODUCTS_DIR)/WebKitSample.app/WebKitSample";
			};
			name = Debug;
		};
		11CCAEAD23D713220051C0A5 /* Release */ = {
			isa = XCBuildConfiguration;
			buildSettings = {
				ALWAYS_EMBED_SWIFT_STANDARD_LIBRARIES = YES;
				BUNDLE_LOADER = "$(TEST_HOST)";
				CODE_SIGN_STYLE = Automatic;
				DEVELOPMENT_TEAM = 95D6WPPXZA;
				INFOPLIST_FILE = WebKitSampleTests/Info.plist;
				IPHONEOS_DEPLOYMENT_TARGET = 13.2;
				LD_RUNPATH_SEARCH_PATHS = (
					"$(inherited)",
					"@executable_path/Frameworks",
					"@loader_path/Frameworks",
				);
				PRODUCT_BUNDLE_IDENTIFIER = t.hongo.WebKitSampleTests;
				PRODUCT_NAME = "$(TARGET_NAME)";
				SWIFT_VERSION = 5.0;
				TARGETED_DEVICE_FAMILY = "1,2";
				TEST_HOST = "$(BUILT_PRODUCTS_DIR)/WebKitSample.app/WebKitSample";
			};
			name = Release;
		};
		11CCAEAF23D713220051C0A5 /* Debug */ = {
			isa = XCBuildConfiguration;
			buildSettings = {
				ALWAYS_EMBED_SWIFT_STANDARD_LIBRARIES = YES;
				CODE_SIGN_STYLE = Automatic;
				DEVELOPMENT_TEAM = 95D6WPPXZA;
				INFOPLIST_FILE = WebKitSampleUITests/Info.plist;
				LD_RUNPATH_SEARCH_PATHS = (
					"$(inherited)",
					"@executable_path/Frameworks",
					"@loader_path/Frameworks",
				);
				PRODUCT_BUNDLE_IDENTIFIER = t.hongo.WebKitSampleUITests;
				PRODUCT_NAME = "$(TARGET_NAME)";
				SWIFT_VERSION = 5.0;
				TARGETED_DEVICE_FAMILY = "1,2";
				TEST_TARGET_NAME = WebKitSample;
			};
			name = Debug;
		};
		11CCAEB023D713220051C0A5 /* Release */ = {
			isa = XCBuildConfiguration;
			buildSettings = {
				ALWAYS_EMBED_SWIFT_STANDARD_LIBRARIES = YES;
				CODE_SIGN_STYLE = Automatic;
				DEVELOPMENT_TEAM = 95D6WPPXZA;
				INFOPLIST_FILE = WebKitSampleUITests/Info.plist;
				LD_RUNPATH_SEARCH_PATHS = (
					"$(inherited)",
					"@executable_path/Frameworks",
					"@loader_path/Frameworks",
				);
				PRODUCT_BUNDLE_IDENTIFIER = t.hongo.WebKitSampleUITests;
				PRODUCT_NAME = "$(TARGET_NAME)";
				SWIFT_VERSION = 5.0;
				TARGETED_DEVICE_FAMILY = "1,2";
				TEST_TARGET_NAME = WebKitSample;
			};
			name = Release;
		};
/* End XCBuildConfiguration section */

/* Begin XCConfigurationList section */
		11CCAE7623D713210051C0A5 /* Build configuration list for PBXProject "WebKitSample" */ = {
			isa = XCConfigurationList;
			buildConfigurations = (
				11CCAEA623D713220051C0A5 /* Debug */,
				11CCAEA723D713220051C0A5 /* Release */,
			);
			defaultConfigurationIsVisible = 0;
			defaultConfigurationName = Release;
		};
		11CCAEA823D713220051C0A5 /* Build configuration list for PBXNativeTarget "WebKitSample" */ = {
			isa = XCConfigurationList;
			buildConfigurations = (
				11CCAEA923D713220051C0A5 /* Debug */,
				11CCAEAA23D713220051C0A5 /* Release */,
			);
			defaultConfigurationIsVisible = 0;
			defaultConfigurationName = Release;
		};
		11CCAEAB23D713220051C0A5 /* Build configuration list for PBXNativeTarget "WebKitSampleTests" */ = {
			isa = XCConfigurationList;
			buildConfigurations = (
				11CCAEAC23D713220051C0A5 /* Debug */,
				11CCAEAD23D713220051C0A5 /* Release */,
			);
			defaultConfigurationIsVisible = 0;
			defaultConfigurationName = Release;
		};
		11CCAEAE23D713220051C0A5 /* Build configuration list for PBXNativeTarget "WebKitSampleUITests" */ = {
			isa = XCConfigurationList;
			buildConfigurations = (
				11CCAEAF23D713220051C0A5 /* Debug */,
				11CCAEB023D713220051C0A5 /* Release */,
			);
			defaultConfigurationIsVisible = 0;
			defaultConfigurationName = Release;
		};
/* End XCConfigurationList section */

/* Begin XCVersionGroup section */
		11CCAE8723D713210051C0A5 /* WebKitSample.xcdatamodeld */ = {
			isa = XCVersionGroup;
			children = (
				11CCAE8823D713210051C0A5 /* WebKitSample.xcdatamodel */,
			);
			currentVersion = 11CCAE8823D713210051C0A5 /* WebKitSample.xcdatamodel */;
			path = WebKitSample.xcdatamodeld;
			sourceTree = "<group>";
			versionGroupType = wrapper.xcdatamodel;
		};
/* End XCVersionGroup section */
	};
	rootObject = 11CCAE7323D713210051C0A5 /* Project object */;
}
